<?xml version="1.0" encoding="utf-8"?>
<Project ToolsVersion="4.0" xmlns="http://schemas.microsoft.com/developer/msbuild/2003">
  <ItemGroup>
    <Filter Include="Source Files">
      <UniqueIdentifier>{7203596b-6447-4163-870c-4335d7ea7fe1}</UniqueIdentifier>
      <Extensions>cpp;c;cxx;def;odl;idl;hpj;bat;asm</Extensions>
    </Filter>
    <Filter Include="Header Files">
      <UniqueIdentifier>{bdd56c5a-34fa-4359-b53f-bf8ec8b6e81d}</UniqueIdentifier>
      <Extensions>h;hpp;hxx;hm;inl;inc</Extensions>
    </Filter>
    <Filter Include="Resource Files">
      <UniqueIdentifier>{efca845f-d8b1-42bd-8a50-6be93dc10963}</UniqueIdentifier>
      <Extensions>rc;ico;cur;bmp;dlg;rc2;rct;bin;rgs;jpg;jpeg;jpe;manifest</Extensions>
    </Filter>
  </ItemGroup>
  <ItemGroup>
    <ClCompile Include="AboutDlg.cpp">
      <Filter>Source Files</Filter>
    </ClCompile>
    <ClCompile Include="BaseProcessor.cpp">
      <Filter>Source Files</Filter>
    </ClCompile>
    <ClCompile Include="BaseTabItem.cpp">
      <Filter>Source Files</Filter>
    </ClCompile>
    <ClCompile Include="ComError.cpp">
      <Filter>Source Files</Filter>
    </ClCompile>
    <ClCompile Include="CrashExplorer.cpp">
      <Filter>Source Files</Filter>
    </ClCompile>
    <ClCompile Include="ExpressModeDlg.cpp">
      <Filter>Source Files</Filter>
    </ClCompile>
    <ClCompile Include="MainDlg.cpp">
      <Filter>Source Files</Filter>
    </ClCompile>
    <ClCompile Include="ManualModeDlg.cpp">
      <Filter>Source Files</Filter>
    </ClCompile>
    <ClCompile Include="MapFileData.cpp">
      <Filter>Source Files</Filter>
    </ClCompile>
    <ClCompile Include="MapFileInfo.cpp">
      <Filter>Source Files</Filter>
    </ClCompile>
    <ClCompile Include="MapFnInfo.cpp">
      <Filter>Source Files</Filter>
    </ClCompile>
    <ClCompile Include="MapLineInfo.cpp">
      <Filter>Source Files</Filter>
    </ClCompile>
    <ClCompile Include="MapProcessor.cpp">
      <Filter>Source Files</Filter>
    </ClCompile>
    <ClCompile Include="MessageTip.cpp">
      <Filter>Source Files</Filter>
    </ClCompile>
    <ClCompile Include="NumEdit.cpp">
      <Filter>Source Files</Filter>
    </ClCompile>
    <ClCompile Include="PdbLineInfo.cpp">
      <Filter>Source Files</Filter>
    </ClCompile>
    <ClCompile Include="PdbProcessor.cpp">
      <Filter>Source Files</Filter>
    </ClCompile>
    <ClCompile Include="RadixEdit.cpp">
      <Filter>Source Files</Filter>
    </ClCompile>
    <ClCompile Include="RadixMenu.cpp">
      <Filter>Source Files</Filter>
    </ClCompile>
    <ClCompile Include="RegSettings.cpp">
      <Filter>Source Files</Filter>
    </ClCompile>
    <ClCompile Include="RuntimeClass.cpp">
      <Filter>Source Files</Filter>
    </ClCompile>
    <ClCompile Include="stdafx.cpp">
      <Filter>Source Files</Filter>
    </ClCompile>
    <ClCompile Include="TextObject.cpp">
      <Filter>Source Files</Filter>
    </ClCompile>
    <ClCompile Include="ThemeXP.cpp">
      <Filter>Source Files</Filter>
    </ClCompile>
    <ClCompile Include="WinVersion.cpp">
      <Filter>Source Files</Filter>
    </ClCompile>
  </ItemGroup>
  <ItemGroup>
    <ClInclude Include="AboutDlg.h">
      <Filter>Header Files</Filter>
    </ClInclude>
    <ClInclude Include="BaseFileInfo.h">
      <Filter>Header Files</Filter>
    </ClInclude>
    <ClInclude Include="BaseFnInfo.h">
      <Filter>Header Files</Filter>
    </ClInclude>
    <ClInclude Include="BaseLineInfo.h">
      <Filter>Header Files</Filter>
    </ClInclude>
    <ClInclude Include="BaseProcessor.h">
      <Filter>Header Files</Filter>
    </ClInclude>
    <ClInclude Include="BaseTabItem.h">
      <Filter>Header Files</Filter>
    </ClInclude>
    <ClInclude Include="ComError.h">
      <Filter>Header Files</Filter>
    </ClInclude>
    <ClInclude Include="CustomDialogs.h">
      <Filter>Header Files</Filter>
    </ClInclude>
    <ClInclude Include="ExpressModeDlg.h">
      <Filter>Header Files</Filter>
    </ClInclude>
    <ClInclude Include="LayoutManager.h">
      <Filter>Header Files</Filter>
    </ClInclude>
    <ClInclude Include="LeakWatcher.h">
      <Filter>Header Files</Filter>
    </ClInclude>
    <ClInclude Include="MainDlg.h">
      <Filter>Header Files</Filter>
    </ClInclude>
    <ClInclude Include="ManualModeDlg.h">
      <Filter>Header Files</Filter>
    </ClInclude>
    <ClInclude Include="MapFileData.h">
      <Filter>Header Files</Filter>
    </ClInclude>
    <ClInclude Include="MapFileInfo.h">
      <Filter>Header Files</Filter>
    </ClInclude>
    <ClInclude Include="MapFnInfo.h">
      <Filter>Header Files</Filter>
    </ClInclude>
    <ClInclude Include="MapLineInfo.h">
      <Filter>Header Files</Filter>
    </ClInclude>
    <ClInclude Include="MapProcessor.h">
      <Filter>Header Files</Filter>
    </ClInclude>
    <ClInclude Include="MessageTip.h">
      <Filter>Header Files</Filter>
    </ClInclude>
    <ClInclude Include="NumEdit.h">
      <Filter>Header Files</Filter>
    </ClInclude>
    <ClInclude Include="PdbFileInfo.h">
      <Filter>Header Files</Filter>
    </ClInclude>
    <ClInclude Include="PdbFnInfo.h">
      <Filter>Header Files</Filter>
    </ClInclude>
    <ClInclude Include="PdbLineInfo.h">
      <Filter>Header Files</Filter>
    </ClInclude>
    <ClInclude Include="PdbProcessor.h">
      <Filter>Header Files</Filter>
    </ClInclude>
    <ClInclude Include="RadixEdit.h">
      <Filter>Header Files</Filter>
    </ClInclude>
    <ClInclude Include="RadixMenu.h">
      <Filter>Header Files</Filter>
    </ClInclude>
    <ClInclude Include="RegSettings.h">
      <Filter>Header Files</Filter>
    </ClInclude>
    <ClInclude Include="resource.h">
      <Filter>Header Files</Filter>
    </ClInclude>
    <ClInclude Include="RuntimeClass.h">
      <Filter>Header Files</Filter>
    </ClInclude>
    <ClInclude Include="stdafx.h">
      <Filter>Header Files</Filter>
    </ClInclude>
    <ClInclude Include="TextObject.h">
      <Filter>Header Files</Filter>
    </ClInclude>
    <ClInclude Include="ThemeXP.h">
      <Filter>Header Files</Filter>
    </ClInclude>
    <ClInclude Include="VersionInfo.h">
      <Filter>Header Files</Filter>
    </ClInclude>
    <ClInclude Include="WaitDlg.h">
      <Filter>Header Files</Filter>
    </ClInclude>
    <ClInclude Include="WinVersion.h">
      <Filter>Header Files</Filter>
    </ClInclude>
  </ItemGroup>
  <ItemGroup>
    <Image Include="res\Bug.ico">
      <Filter>Resource Files</Filter>
    </Image>
  </ItemGroup>
  <ItemGroup>
    <ResourceCompile Include="CrashExplorer.rc">
      <Filter>Resource Files</Filter>
    </ResourceCompile>
  </ItemGroup>
  <ItemGroup>
    <None Include="packages.config" />
  </ItemGroup>
</Project>