Microsoft Visual Studio Solution File, Format Version 12.00
# Visual Studio 14
VisualStudioVersion = 14.0.23107.0
MinimumVisualStudioVersion = 10.0.40219.1
Project("{8BC9CEB8-8B4A-11D0-8D11-00A0C91BC942}") = "BugTrap", "BugTrap.vcxproj", "{E8CF1ADA-264A-4127-86C2-FD7057D3792C}"
EndProject
Project("{8BC9CEB8-8B4A-11D0-8D11-00A0C91BC942}") = "zlib", "..\lib\zlib\zlib.vcxproj", "{B5919129-6716-499D-9516-04EC34C86CDF}"
EndProject
Project("{2150E333-8FDC-42A3-9474-1A3956D46DE8}") = "Project", "Project", "{654919A0-63D3-41C4-B312-B89660A506F7}"
	ProjectSection(SolutionItems) = preProject
		..\appveyor.yml = ..\appveyor.yml
		..\build.cmd = ..\build.cmd
		..\README.md = ..\README.md
	EndProjectSection
EndProject
Global
	GlobalSection(SolutionConfigurationPlatforms) = preSolution
		.NET Debug|Win32 = .NET Debug|Win32
		.NET Debug|x64 = .NET Debug|x64
		.NET Release|Win32 = .NET Release|Win32
		.NET Release|x64 = .NET Release|x64
		Debug|Win32 = Debug|Win32
		Debug|x64 = Debug|x64
		DLL Debug|Win32 = DLL Debug|Win32
		DLL Debug|x64 = DLL Debug|x64
		DLL Release|Win32 = DLL Release|Win32
		DLL Release|x64 = DLL Release|x64
		Release|Win32 = Release|Win32
		Release|x64 = Release|x64
		Static Debug|Win32 = Static Debug|Win32
		Static Debug|x64 = Static Debug|x64
		Static MD Debug|Win32 = Static MD Debug|Win32
		Static MD Debug|x64 = Static MD Debug|x64
		Static MD Release|Win32 = Static MD Release|Win32
		Static MD Release|x64 = Static MD Release|x64
		Static Release|Win32 = Static Release|Win32
		Static Release|x64 = Static Release|x64
		Unicode Debug|Win32 = Unicode Debug|Win32
		Unicode Debug|x64 = Unicode Debug|x64
		Unicode Release|Win32 = Unicode Release|Win32
		Unicode Release|x64 = Unicode Release|x64
	EndGlobalSection
	GlobalSection(ProjectConfigurationPlatforms) = postSolution
		{E8CF1ADA-264A-4127-86C2-FD7057D3792C}..NET Debug|Win32.ActiveCfg = .NET Debug|Win32
		{E8CF1ADA-264A-4127-86C2-FD7057D3792C}..NET Debug|Win32.Build.0 = .NET Debug|Win32
		{E8CF1ADA-264A-4127-86C2-FD7057D3792C}..NET Debug|x64.ActiveCfg = .NET Debug|x64
		{E8CF1ADA-264A-4127-86C2-FD7057D3792C}..NET Debug|x64.Build.0 = .NET Debug|x64
		{E8CF1ADA-264A-4127-86C2-FD7057D3792C}..NET Release|Win32.ActiveCfg = .NET Release|Win32
		{E8CF1ADA-264A-4127-86C2-FD7057D3792C}..NET Release|Win32.Build.0 = .NET Release|Win32
		{E8CF1ADA-264A-4127-86C2-FD7057D3792C}..NET Release|x64.ActiveCfg = .NET Release|x64
		{E8CF1ADA-264A-4127-86C2-FD7057D3792C}..NET Release|x64.Build.0 = .NET Release|x64
		{E8CF1ADA-264A-4127-86C2-FD7057D3792C}.Debug|Win32.ActiveCfg = Debug|Win32
		{E8CF1ADA-264A-4127-86C2-FD7057D3792C}.Debug|Win32.Build.0 = Debug|Win32
		{E8CF1ADA-264A-4127-86C2-FD7057D3792C}.Debug|x64.ActiveCfg = Debug|x64
		{E8CF1ADA-264A-4127-86C2-FD7057D3792C}.Debug|x64.Build.0 = Debug|x64
		{E8CF1ADA-264A-4127-86C2-FD7057D3792C}.DLL Debug|Win32.ActiveCfg = Debug|Win32
		{E8CF1ADA-264A-4127-86C2-FD7057D3792C}.DLL Debug|Win32.Build.0 = Debug|Win32
		{E8CF1ADA-264A-4127-86C2-FD7057D3792C}.DLL Debug|x64.ActiveCfg = Debug|x64
		{E8CF1ADA-264A-4127-86C2-FD7057D3792C}.DLL Debug|x64.Build.0 = Debug|x64
		{E8CF1ADA-264A-4127-86C2-FD7057D3792C}.DLL Release|Win32.ActiveCfg = Release|Win32
		{E8CF1ADA-264A-4127-86C2-FD7057D3792C}.DLL Release|Win32.Build.0 = Release|Win32
		{E8CF1ADA-264A-4127-86C2-FD7057D3792C}.DLL Release|x64.ActiveCfg = Release|x64
		{E8CF1ADA-264A-4127-86C2-FD7057D3792C}.DLL Release|x64.Build.0 = Release|x64
		{E8CF1ADA-264A-4127-86C2-FD7057D3792C}.Release|Win32.ActiveCfg = Release|Win32
		{E8CF1ADA-264A-4127-86C2-FD7057D3792C}.Release|Win32.Build.0 = Release|Win32
		{E8CF1ADA-264A-4127-86C2-FD7057D3792C}.Release|x64.ActiveCfg = Release|x64
		{E8CF1ADA-264A-4127-86C2-FD7057D3792C}.Release|x64.Build.0 = Release|x64
		{E8CF1ADA-264A-4127-86C2-FD7057D3792C}.Static Debug|Win32.ActiveCfg = Debug|Win32
		{E8CF1ADA-264A-4127-86C2-FD7057D3792C}.Static Debug|Win32.Build.0 = Debug|Win32
		{E8CF1ADA-264A-4127-86C2-FD7057D3792C}.Static Debug|x64.ActiveCfg = Debug|x64
		{E8CF1ADA-264A-4127-86C2-FD7057D3792C}.Static Debug|x64.Build.0 = Debug|x64
		{E8CF1ADA-264A-4127-86C2-FD7057D3792C}.Static MD Debug|Win32.ActiveCfg = Debug|Win32
		{E8CF1ADA-264A-4127-86C2-FD7057D3792C}.Static MD Debug|Win32.Build.0 = Debug|Win32
		{E8CF1ADA-264A-4127-86C2-FD7057D3792C}.Static MD Debug|x64.ActiveCfg = Debug|x64
		{E8CF1ADA-264A-4127-86C2-FD7057D3792C}.Static MD Debug|x64.Build.0 = Debug|x64
		{E8CF1ADA-264A-4127-86C2-FD7057D3792C}.Static MD Release|Win32.ActiveCfg = Release|Win32
		{E8CF1ADA-264A-4127-86C2-FD7057D3792C}.Static MD Release|Win32.Build.0 = Release|Win32
		{E8CF1ADA-264A-4127-86C2-FD7057D3792C}.Static MD Release|x64.ActiveCfg = Release|x64
		{E8CF1ADA-264A-4127-86C2-FD7057D3792C}.Static MD Release|x64.Build.0 = Release|x64
		{E8CF1ADA-264A-4127-86C2-FD7057D3792C}.Static Release|Win32.ActiveCfg = Release|Win32
		{E8CF1ADA-264A-4127-86C2-FD7057D3792C}.Static Release|Win32.Build.0 = Release|Win32
		{E8CF1ADA-264A-4127-86C2-FD7057D3792C}.Static Release|x64.ActiveCfg = Release|x64
		{E8CF1ADA-264A-4127-86C2-FD7057D3792C}.Static Release|x64.Build.0 = Release|x64
		{E8CF1ADA-264A-4127-86C2-FD7057D3792C}.Unicode Debug|Win32.ActiveCfg = Unicode Debug|Win32
		{E8CF1ADA-264A-4127-86C2-FD7057D3792C}.Unicode Debug|Win32.Build.0 = Unicode Debug|Win32
		{E8CF1ADA-264A-4127-86C2-FD7057D3792C}.Unicode Debug|x64.ActiveCfg = Unicode Debug|x64
		{E8CF1ADA-264A-4127-86C2-FD7057D3792C}.Unicode Debug|x64.Build.0 = Unicode Debug|x64
		{E8CF1ADA-264A-4127-86C2-FD7057D3792C}.Unicode Release|Win32.ActiveCfg = Unicode Release|Win32
		{E8CF1ADA-264A-4127-86C2-FD7057D3792C}.Unicode Release|Win32.Build.0 = Unicode Release|Win32
		{E8CF1ADA-264A-4127-86C2-FD7057D3792C}.Unicode Release|x64.ActiveCfg = Unicode Release|x64
		{E8CF1ADA-264A-4127-86C2-FD7057D3792C}.Unicode Release|x64.Build.0 = Unicode Release|x64
		{B5919129-6716-499D-9516-04EC34C86CDF}..NET Debug|Win32.ActiveCfg = Static MD Debug|Win32
		{B5919129-6716-499D-9516-04EC34C86CDF}..NET Debug|Win32.Build.0 = Static MD Debug|Win32
		{B5919129-6716-499D-9516-04EC34C86CDF}..NET Debug|x64.ActiveCfg = Static MD Debug|x64
		{B5919129-6716-499D-9516-04EC34C86CDF}..NET Debug|x64.Build.0 = Static MD Debug|x64
		{B5919129-6716-499D-9516-04EC34C86CDF}..NET Release|Win32.ActiveCfg = Static MD Release|Win32
		{B5919129-6716-499D-9516-04EC34C86CDF}..NET Release|Win32.Build.0 = Static MD Release|Win32
		{B5919129-6716-499D-9516-04EC34C86CDF}..NET Release|x64.ActiveCfg = Static MD Release|x64
		{B5919129-6716-499D-9516-04EC34C86CDF}..NET Release|x64.Build.0 = Static MD Release|x64
		{B5919129-6716-499D-9516-04EC34C86CDF}.Debug|Win32.ActiveCfg = Static Debug|Win32
		{B5919129-6716-499D-9516-04EC34C86CDF}.Debug|Win32.Build.0 = Static Debug|Win32
		{B5919129-6716-499D-9516-04EC34C86CDF}.Debug|x64.ActiveCfg = Static Debug|x64
		{B5919129-6716-499D-9516-04EC34C86CDF}.Debug|x64.Build.0 = Static Debug|x64
		{B5919129-6716-499D-9516-04EC34C86CDF}.DLL Debug|Win32.ActiveCfg = Static Debug|Win32
		{B5919129-6716-499D-9516-04EC34C86CDF}.DLL Debug|Win32.Build.0 = Static Debug|Win32
		{B5919129-6716-499D-9516-04EC34C86CDF}.DLL Debug|x64.ActiveCfg = DLL Debug|x64
		{B5919129-6716-499D-9516-04EC34C86CDF}.DLL Debug|x64.Build.0 = DLL Debug|x64
		{B5919129-6716-499D-9516-04EC34C86CDF}.DLL Release|Win32.ActiveCfg = Static Release|Win32
		{B5919129-6716-499D-9516-04EC34C86CDF}.DLL Release|Win32.Build.0 = Static Release|Win32
		{B5919129-6716-499D-9516-04EC34C86CDF}.DLL Release|x64.ActiveCfg = DLL Release|x64
		{B5919129-6716-499D-9516-04EC34C86CDF}.DLL Release|x64.Build.0 = DLL Release|x64
		{B5919129-6716-499D-9516-04EC34C86CDF}.Release|Win32.ActiveCfg = Static Release|Win32
		{B5919129-6716-499D-9516-04EC34C86CDF}.Release|Win32.Build.0 = Static Release|Win32
		{B5919129-6716-499D-9516-04EC34C86CDF}.Release|x64.ActiveCfg = Static Release|x64
		{B5919129-6716-499D-9516-04EC34C86CDF}.Release|x64.Build.0 = Static Release|x64
		{B5919129-6716-499D-9516-04EC34C86CDF}.Static Debug|Win32.ActiveCfg = Static Debug|Win32
		{B5919129-6716-499D-9516-04EC34C86CDF}.Static Debug|Win32.Build.0 = Static Debug|Win32
		{B5919129-6716-499D-9516-04EC34C86CDF}.Static Debug|x64.ActiveCfg = Static Debug|x64
		{B5919129-6716-499D-9516-04EC34C86CDF}.Static Debug|x64.Build.0 = Static Debug|x64
		{B5919129-6716-499D-9516-04EC34C86CDF}.Static MD Debug|Win32.ActiveCfg = Static MD Debug|Win32
		{B5919129-6716-499D-9516-04EC34C86CDF}.Static MD Debug|Win32.Build.0 = Static MD Debug|Win32
		{B5919129-6716-499D-9516-04EC34C86CDF}.Static MD Debug|x64.ActiveCfg = Static MD Debug|x64
		{B5919129-6716-499D-9516-04EC34C86CDF}.Static MD Debug|x64.Build.0 = Static MD Debug|x64
		{B5919129-6716-499D-9516-04EC34C86CDF}.Static MD Release|Win32.ActiveCfg = Static MD Release|Win32
		{B5919129-6716-499D-9516-04EC34C86CDF}.Static MD Release|Win32.Build.0 = Static MD Release|Win32
		{B5919129-6716-499D-9516-04EC34C86CDF}.Static MD Release|x64.ActiveCfg = Static MD Release|x64
		{B5919129-6716-499D-9516-04EC34C86CDF}.Static MD Release|x64.Build.0 = Static MD Release|x64
		{B5919129-6716-499D-9516-04EC34C86CDF}.Static Release|Win32.ActiveCfg = Static Release|Win32
		{B5919129-6716-499D-9516-04EC34C86CDF}.Static Release|Win32.Build.0 = Static Release|Win32
		{B5919129-6716-499D-9516-04EC34C86CDF}.Static Release|x64.ActiveCfg = Static Release|x64
		{B5919129-6716-499D-9516-04EC34C86CDF}.Static Release|x64.Build.0 = Static Release|x64
		{B5919129-6716-499D-9516-04EC34C86CDF}.Unicode Debug|Win32.ActiveCfg = Static Debug|Win32
		{B5919129-6716-499D-9516-04EC34C86CDF}.Unicode Debug|Win32.Build.0 = Static Debug|Win32
		{B5919129-6716-499D-9516-04EC34C86CDF}.Unicode Debug|x64.ActiveCfg = Static MD Debug|x64
		{B5919129-6716-499D-9516-04EC34C86CDF}.Unicode Debug|x64.Build.0 = Static MD Debug|x64
		{B5919129-6716-499D-9516-04EC34C86CDF}.Unicode Release|Win32.ActiveCfg = Static Release|Win32
		{B5919129-6716-499D-9516-04EC34C86CDF}.Unicode Release|Win32.Build.0 = Static Release|Win32
		{B5919129-6716-499D-9516-04EC34C86CDF}.Unicode Release|x64.ActiveCfg = Static MD Release|x64
		{B5919129-6716-499D-9516-04EC34C86CDF}.Unicode Release|x64.Build.0 = Static MD Release|x64
	EndGlobalSection
	GlobalSection(SolutionProperties) = preSolution
		HideSolutionNode = FALSE
	EndGlobalSection
	GlobalSection(DPCodeReviewSolutionGUID) = preSolution
		DPCodeReviewSolutionGUID = {00000000-0000-0000-0000-000000000000}
	EndGlobalSection
EndGlobal
